// !$*UTF8*$!
{
	archiveVersion = 1;
	classes = {
	};
	objectVersion = 51;
	objects = {

/* Begin PBXBuildFile section */
		670FE39526D330D900C55520 /* search_icon.png in Resources */ = {isa = PBXBuildFile; fileRef = 670FE39426D330D900C55520 /* search_icon.png */; };
		670FE39726D330F000C55520 /* background.png in Resources */ = {isa = PBXBuildFile; fileRef = 670FE39626D330F000C55520 /* background.png */; };
		670FE3A426D3318100C55520 /* InfoPlist.strings in Resources */ = {isa = PBXBuildFile; fileRef = 670FE39926D3318100C55520 /* InfoPlist.strings */; };
		670FE3A526D3318100C55520 /* Localizations.strings in Resources */ = {isa = PBXBuildFile; fileRef = 670FE39B26D3318100C55520 /* Localizations.strings */; };
		670FE3A626D3318100C55520 /* Assets.xcassets in Resources */ = {isa = PBXBuildFile; fileRef = 670FE3A126D3318100C55520 /* Assets.xcassets */; };
		670FE3A826D3866900C55520 /* keyword_background.jpg in Resources */ = {isa = PBXBuildFile; fileRef = 670FE3A726D3866900C55520 /* keyword_background.jpg */; };
		670FE3AA26D3F67500C55520 /* empty_image.png in Resources */ = {isa = PBXBuildFile; fileRef = 670FE3A926D3F67500C55520 /* empty_image.png */; };
		6754544926E5276A008D3DD0 /* cancel.png in Resources */ = {isa = PBXBuildFile; fileRef = 6754544826E5276A008D3DD0 /* cancel.png */; };
		6754544D26E52806008D3DD0 /* TopButtonView.swift 00-27-26-375.swift in Sources */ = {isa = PBXBuildFile; fileRef = 6754544C26E52806008D3DD0 /* TopButtonView.swift 00-27-26-375.swift */; };
		675ECA5126F2F74100DE9C4A /* Constant.swift in Sources */ = {isa = PBXBuildFile; fileRef = 675ECA5026F2F74100DE9C4A /* Constant.swift */; };
		6775D14926D7259D004E942F /* IsolatedInteraction.swift in Sources */ = {isa = PBXBuildFile; fileRef = 6775D14826D7259D004E942F /* IsolatedInteraction.swift */; };
		677BDF5B26BB7BAA00B5B387 /* WebViewController.swift in Sources */ = {isa = PBXBuildFile; fileRef = 677BDF5A26BB7BAA00B5B387 /* WebViewController.swift */; };
		678846A726BA348600B15D20 /* SettingTableViewCell.swift in Sources */ = {isa = PBXBuildFile; fileRef = 678846A626BA348600B15D20 /* SettingTableViewCell.swift */; };
		678846A926BA35D000B15D20 /* cell_arrow.png in Resources */ = {isa = PBXBuildFile; fileRef = 678846A826BA35D000B15D20 /* cell_arrow.png */; };
		67895E4F26B9206F00F30042 /* UIViewController.swift in Sources */ = {isa = PBXBuildFile; fileRef = 67895E4E26B9206F00F30042 /* UIViewController.swift */; };
		67895E5326B92FF400F30042 /* keyword_search.png in Resources */ = {isa = PBXBuildFile; fileRef = 67895E5026B92FF400F30042 /* keyword_search.png */; };
		67895E5426B92FF400F30042 /* file_search.png in Resources */ = {isa = PBXBuildFile; fileRef = 67895E5126B92FF400F30042 /* file_search.png */; };
		67895E5526B92FF400F30042 /* image_search.png in Resources */ = {isa = PBXBuildFile; fileRef = 67895E5226B92FF400F30042 /* image_search.png */; };
		67895E5726B9300100F30042 /* url_search.png in Resources */ = {isa = PBXBuildFile; fileRef = 67895E5626B9300100F30042 /* url_search.png */; };
		67895E5926B9301000F30042 /* camera_search.png in Resources */ = {isa = PBXBuildFile; fileRef = 67895E5826B9301000F30042 /* camera_search.png */; };
		67895E5B26B9302100F30042 /* record_search.png in Resources */ = {isa = PBXBuildFile; fileRef = 67895E5A26B9302100F30042 /* record_search.png */; };
		67895E5D26B93D9100F30042 /* rectangle.png in Resources */ = {isa = PBXBuildFile; fileRef = 67895E5C26B93D9100F30042 /* rectangle.png */; };
		679022B526B983FA00C34B74 /* SettingViewController.swift in Sources */ = {isa = PBXBuildFile; fileRef = 679022B426B983FA00C34B74 /* SettingViewController.swift */; };
		6798DDB826DBC2D4003D8099 /* Helper.swift in Sources */ = {isa = PBXBuildFile; fileRef = 6798DDB726DBC2D4003D8099 /* Helper.swift */; };
		679E712226D4EC850013FEFB /* AppTracking.swift in Sources */ = {isa = PBXBuildFile; fileRef = 679E712126D4EC850013FEFB /* AppTracking.swift */; };
		679E712426D4EC8D0013FEFB /* Marketing.swift in Sources */ = {isa = PBXBuildFile; fileRef = 679E712326D4EC8D0013FEFB /* Marketing.swift */; };
		67A91A5626C35A0E00268DC8 /* EditWindowView.swift in Sources */ = {isa = PBXBuildFile; fileRef = 67A91A5526C35A0D00268DC8 /* EditWindowView.swift */; };
		67A91A5826C3A7F200268DC8 /* UrlViewController.swift in Sources */ = {isa = PBXBuildFile; fileRef = 67A91A5726C3A7F200268DC8 /* UrlViewController.swift */; };
		67D1AA7A26B7A2A500832DA0 /* AppDelegate.swift in Sources */ = {isa = PBXBuildFile; fileRef = 67D1AA7926B7A2A500832DA0 /* AppDelegate.swift */; };
		67D1AA7E26B7A2A500832DA0 /* MainViewController.swift in Sources */ = {isa = PBXBuildFile; fileRef = 67D1AA7D26B7A2A500832DA0 /* MainViewController.swift */; };
		67D1AA8626B7A2A600832DA0 /* LaunchScreen.storyboard in Resources */ = {isa = PBXBuildFile; fileRef = 67D1AA8426B7A2A600832DA0 /* LaunchScreen.storyboard */; };
		67E5D2F126D3288800643C63 /* Statistics.swift in Sources */ = {isa = PBXBuildFile; fileRef = 67E5D2F026D3288800643C63 /* Statistics.swift */; };
		67E5D2F726D3296300643C63 /* ButtonView.swift in Sources */ = {isa = PBXBuildFile; fileRef = 67E5D2F626D3296300643C63 /* ButtonView.swift */; };
		67E5D2FC26D32EED00643C63 /* SQLiteManager.swift in Sources */ = {isa = PBXBuildFile; fileRef = 67E5D2F926D32EED00643C63 /* SQLiteManager.swift */; };
		67E5D2FD26D32EED00643C63 /* SQL.swift in Sources */ = {isa = PBXBuildFile; fileRef = 67E5D2FA26D32EED00643C63 /* SQL.swift */; };
		67E5D2FE26D32EED00643C63 /* NetworkRequest.swift in Sources */ = {isa = PBXBuildFile; fileRef = 67E5D2FB26D32EED00643C63 /* NetworkRequest.swift */; };
		67E5D30026D32F1100643C63 /* GetWidthHeight.swift in Sources */ = {isa = PBXBuildFile; fileRef = 67E5D2FF26D32F1100643C63 /* GetWidthHeight.swift */; };
		67E5D30926D32F6D00643C63 /* SearchRecord.swift in Sources */ = {isa = PBXBuildFile; fileRef = 67E5D30526D32F6D00643C63 /* SearchRecord.swift */; };
		67E5D30C26D32FAB00643C63 /* SearchRecordViewController.swift in Sources */ = {isa = PBXBuildFile; fileRef = 67E5D30B26D32FAB00643C63 /* SearchRecordViewController.swift */; };
		67E5D30E26D32FC300643C63 /* AlertView.swift in Sources */ = {isa = PBXBuildFile; fileRef = 67E5D30D26D32FC300643C63 /* AlertView.swift */; };
		67E5D31026D32FD000643C63 /* CollectionViewCell.swift in Sources */ = {isa = PBXBuildFile; fileRef = 67E5D30F26D32FD000643C63 /* CollectionViewCell.swift */; };
		67E5D31226D32FD600643C63 /* KeywordCollectionViewCell.swift in Sources */ = {isa = PBXBuildFile; fileRef = 67E5D31126D32FD600643C63 /* KeywordCollectionViewCell.swift */; };
		67E5D31426D3300F00643C63 /* network_error.png in Resources */ = {isa = PBXBuildFile; fileRef = 67E5D31326D3300F00643C63 /* network_error.png */; };
		67E5D31626D3304000643C63 /* triangle.png in Resources */ = {isa = PBXBuildFile; fileRef = 67E5D31526D3304000643C63 /* triangle.png */; };
		67E5D31826D3305600643C63 /* top_rectangle.png in Resources */ = {isa = PBXBuildFile; fileRef = 67E5D31726D3305600643C63 /* top_rectangle.png */; };
		67E5D31C26D3308400643C63 /* forward.png in Resources */ = {isa = PBXBuildFile; fileRef = 67E5D31B26D3308400643C63 /* forward.png */; };
		83FC5A4023D0DF00016CB78E /* Pods_Image_Search.framework in Frameworks */ = {isa = PBXBuildFile; fileRef = 2BBCE8916F28804F5921EB59 /* Pods_Image_Search.framework */; };
/* End PBXBuildFile section */

/* Begin PBXFileReference section */
		13A82A766B949D8ACE6E0E11 /* Pods-Image_Search.release.xcconfig */ = {isa = PBXFileReference; includeInIndex = 1; lastKnownFileType = text.xcconfig; name = "Pods-Image_Search.release.xcconfig"; path = "Target Support Files/Pods-Image_Search/Pods-Image_Search.release.xcconfig"; sourceTree = "<group>"; };
		2BBCE8916F28804F5921EB59 /* Pods_Image_Search.framework */ = {isa = PBXFileReference; explicitFileType = wrapper.framework; includeInIndex = 0; path = Pods_Image_Search.framework; sourceTree = BUILT_PRODUCTS_DIR; };
		670FE39426D330D900C55520 /* search_icon.png */ = {isa = PBXFileReference; lastKnownFileType = image.png; path = search_icon.png; sourceTree = "<group>"; };
		670FE39626D330F000C55520 /* background.png */ = {isa = PBXFileReference; lastKnownFileType = image.png; path = background.png; sourceTree = "<group>"; };
		670FE39A26D3318100C55520 /* zh-Hans */ = {isa = PBXFileReference; lastKnownFileType = text.plist.strings; name = "zh-Hans"; path = "zh-Hans.lproj/InfoPlist.strings"; sourceTree = "<group>"; };
		670FE39C26D3318100C55520 /* zh-Hans */ = {isa = PBXFileReference; lastKnownFileType = text.plist.strings; name = "zh-Hans"; path = "zh-Hans.lproj/Localizations.strings"; sourceTree = "<group>"; };
		670FE39F26D3318100C55520 /* en */ = {isa = PBXFileReference; lastKnownFileType = text.plist.strings; name = en; path = en.lproj/InfoPlist.strings; sourceTree = "<group>"; };
		670FE3A026D3318100C55520 /* en */ = {isa = PBXFileReference; lastKnownFileType = text.plist.strings; name = en; path = en.lproj/Localizations.strings; sourceTree = "<group>"; };
		670FE3A126D3318100C55520 /* Assets.xcassets */ = {isa = PBXFileReference; lastKnownFileType = folder.assetcatalog; path = Assets.xcassets; sourceTree = "<group>"; };
		670FE3A226D3318100C55520 /* zh-Hant */ = {isa = PBXFileReference; lastKnownFileType = text.plist.strings; name = "zh-Hant"; path = "zh-Hant.lproj/InfoPlist.strings"; sourceTree = "<group>"; };
		670FE3A326D3318100C55520 /* zh-Hant */ = {isa = PBXFileReference; lastKnownFileType = text.plist.strings; name = "zh-Hant"; path = "zh-Hant.lproj/Localizations.strings"; sourceTree = "<group>"; };
		670FE3A726D3866900C55520 /* keyword_background.jpg */ = {isa = PBXFileReference; lastKnownFileType = image.jpeg; path = keyword_background.jpg; sourceTree = "<group>"; };
		670FE3A926D3F67500C55520 /* empty_image.png */ = {isa = PBXFileReference; lastKnownFileType = image.png; path = empty_image.png; sourceTree = "<group>"; };
		6754544826E5276A008D3DD0 /* cancel.png */ = {isa = PBXFileReference; lastKnownFileType = image.png; name = cancel.png; path = "../../../../图片/cancel.png"; sourceTree = "<group>"; };
		6754544C26E52806008D3DD0 /* TopButtonView.swift 00-27-26-375.swift */ = {isa = PBXFileReference; fileEncoding = 4; lastKnownFileType = sourcecode.swift; path = "TopButtonView.swift 00-27-26-375.swift"; sourceTree = "<group>"; };
		675ECA5026F2F74100DE9C4A /* Constant.swift */ = {isa = PBXFileReference; fileEncoding = 4; lastKnownFileType = sourcecode.swift; path = Constant.swift; sourceTree = "<group>"; };
		6775D14826D7259D004E942F /* IsolatedInteraction.swift */ = {isa = PBXFileReference; lastKnownFileType = sourcecode.swift; path = IsolatedInteraction.swift; sourceTree = "<group>"; };
		6775D14A26D78505004E942F /* Image_Search.entitlements */ = {isa = PBXFileReference; lastKnownFileType = text.plist.entitlements; path = Image_Search.entitlements; sourceTree = "<group>"; };
		677BDF5A26BB7BAA00B5B387 /* WebViewController.swift */ = {isa = PBXFileReference; lastKnownFileType = sourcecode.swift; path = WebViewController.swift; sourceTree = "<group>"; };
		678846A626BA348600B15D20 /* SettingTableViewCell.swift */ = {isa = PBXFileReference; lastKnownFileType = sourcecode.swift; path = SettingTableViewCell.swift; sourceTree = "<group>"; };
		678846A826BA35D000B15D20 /* cell_arrow.png */ = {isa = PBXFileReference; lastKnownFileType = image.png; path = cell_arrow.png; sourceTree = "<group>"; };
		67895E4E26B9206F00F30042 /* UIViewController.swift */ = {isa = PBXFileReference; fileEncoding = 4; lastKnownFileType = sourcecode.swift; path = UIViewController.swift; sourceTree = "<group>"; };
		67895E5026B92FF400F30042 /* keyword_search.png */ = {isa = PBXFileReference; lastKnownFileType = image.png; path = keyword_search.png; sourceTree = "<group>"; };
		67895E5126B92FF400F30042 /* file_search.png */ = {isa = PBXFileReference; lastKnownFileType = image.png; path = file_search.png; sourceTree = "<group>"; };
		67895E5226B92FF400F30042 /* image_search.png */ = {isa = PBXFileReference; lastKnownFileType = image.png; path = image_search.png; sourceTree = "<group>"; };
		67895E5626B9300100F30042 /* url_search.png */ = {isa = PBXFileReference; lastKnownFileType = image.png; path = url_search.png; sourceTree = "<group>"; };
		67895E5826B9301000F30042 /* camera_search.png */ = {isa = PBXFileReference; lastKnownFileType = image.png; path = camera_search.png; sourceTree = "<group>"; };
		67895E5A26B9302100F30042 /* record_search.png */ = {isa = PBXFileReference; lastKnownFileType = image.png; path = record_search.png; sourceTree = "<group>"; };
		67895E5C26B93D9100F30042 /* rectangle.png */ = {isa = PBXFileReference; lastKnownFileType = image.png; path = rectangle.png; sourceTree = "<group>"; };
		679022B426B983FA00C34B74 /* SettingViewController.swift */ = {isa = PBXFileReference; lastKnownFileType = sourcecode.swift; path = SettingViewController.swift; sourceTree = "<group>"; };
		6798DDB726DBC2D4003D8099 /* Helper.swift */ = {isa = PBXFileReference; fileEncoding = 4; lastKnownFileType = sourcecode.swift; path = Helper.swift; sourceTree = "<group>"; };
		679AE62C26E4640F00E12E1D /* ja */ = {isa = PBXFileReference; lastKnownFileType = text.plist.strings; name = ja; path = ja.lproj/LaunchScreen.strings; sourceTree = "<group>"; };
		679E712126D4EC850013FEFB /* AppTracking.swift */ = {isa = PBXFileReference; fileEncoding = 4; lastKnownFileType = sourcecode.swift; path = AppTracking.swift; sourceTree = "<group>"; };
		679E712326D4EC8D0013FEFB /* Marketing.swift */ = {isa = PBXFileReference; fileEncoding = 4; lastKnownFileType = sourcecode.swift; path = Marketing.swift; sourceTree = "<group>"; };
		67A91A5526C35A0D00268DC8 /* EditWindowView.swift */ = {isa = PBXFileReference; lastKnownFileType = sourcecode.swift; path = EditWindowView.swift; sourceTree = "<group>"; };
		67A91A5726C3A7F200268DC8 /* UrlViewController.swift */ = {isa = PBXFileReference; lastKnownFileType = sourcecode.swift; path = UrlViewController.swift; sourceTree = "<group>"; };
		67D1AA7626B7A2A500832DA0 /* Image_Search.app */ = {isa = PBXFileReference; explicitFileType = wrapper.application; includeInIndex = 0; path = Image_Search.app; sourceTree = BUILT_PRODUCTS_DIR; };
		67D1AA7926B7A2A500832DA0 /* AppDelegate.swift */ = {isa = PBXFileReference; lastKnownFileType = sourcecode.swift; path = AppDelegate.swift; sourceTree = "<group>"; };
		67D1AA7D26B7A2A500832DA0 /* MainViewController.swift */ = {isa = PBXFileReference; lastKnownFileType = sourcecode.swift; path = MainViewController.swift; sourceTree = "<group>"; };
		67D1AA8526B7A2A600832DA0 /* Base */ = {isa = PBXFileReference; lastKnownFileType = file.storyboard; name = Base; path = Base.lproj/LaunchScreen.storyboard; sourceTree = "<group>"; };
		67D1AA8726B7A2A600832DA0 /* Info.plist */ = {isa = PBXFileReference; lastKnownFileType = text.plist.xml; path = Info.plist; sourceTree = "<group>"; };
		67E5D2F026D3288800643C63 /* Statistics.swift */ = {isa = PBXFileReference; fileEncoding = 4; lastKnownFileType = sourcecode.swift; path = Statistics.swift; sourceTree = "<group>"; };
		67E5D2F326D328C700643C63 /* Image_Search-Bridging-Header.h */ = {isa = PBXFileReference; lastKnownFileType = sourcecode.c.h; path = "Image_Search-Bridging-Header.h"; sourceTree = "<group>"; };
		67E5D2F626D3296300643C63 /* ButtonView.swift */ = {isa = PBXFileReference; fileEncoding = 4; lastKnownFileType = sourcecode.swift; path = ButtonView.swift; sourceTree = "<group>"; };
		67E5D2F926D32EED00643C63 /* SQLiteManager.swift */ = {isa = PBXFileReference; fileEncoding = 4; lastKnownFileType = sourcecode.swift; path = SQLiteManager.swift; sourceTree = "<group>"; };
		67E5D2FA26D32EED00643C63 /* SQL.swift */ = {isa = PBXFileReference; fileEncoding = 4; lastKnownFileType = sourcecode.swift; path = SQL.swift; sourceTree = "<group>"; };
		67E5D2FB26D32EED00643C63 /* NetworkRequest.swift */ = {isa = PBXFileReference; fileEncoding = 4; lastKnownFileType = sourcecode.swift; path = NetworkRequest.swift; sourceTree = "<group>"; };
		67E5D2FF26D32F1100643C63 /* GetWidthHeight.swift */ = {isa = PBXFileReference; fileEncoding = 4; lastKnownFileType = sourcecode.swift; path = GetWidthHeight.swift; sourceTree = "<group>"; };
		67E5D30526D32F6D00643C63 /* SearchRecord.swift */ = {isa = PBXFileReference; fileEncoding = 4; lastKnownFileType = sourcecode.swift; path = SearchRecord.swift; sourceTree = "<group>"; };
		67E5D30B26D32FAB00643C63 /* SearchRecordViewController.swift */ = {isa = PBXFileReference; fileEncoding = 4; lastKnownFileType = sourcecode.swift; path = SearchRecordViewController.swift; sourceTree = "<group>"; };
		67E5D30D26D32FC300643C63 /* AlertView.swift */ = {isa = PBXFileReference; fileEncoding = 4; lastKnownFileType = sourcecode.swift; path = AlertView.swift; sourceTree = "<group>"; };
		67E5D30F26D32FD000643C63 /* CollectionViewCell.swift */ = {isa = PBXFileReference; fileEncoding = 4; lastKnownFileType = sourcecode.swift; path = CollectionViewCell.swift; sourceTree = "<group>"; };
		67E5D31126D32FD600643C63 /* KeywordCollectionViewCell.swift */ = {isa = PBXFileReference; fileEncoding = 4; lastKnownFileType = sourcecode.swift; path = KeywordCollectionViewCell.swift; sourceTree = "<group>"; };
		67E5D31326D3300F00643C63 /* network_error.png */ = {isa = PBXFileReference; lastKnownFileType = image.png; path = network_error.png; sourceTree = "<group>"; };
		67E5D31526D3304000643C63 /* triangle.png */ = {isa = PBXFileReference; lastKnownFileType = image.png; path = triangle.png; sourceTree = "<group>"; };
		67E5D31726D3305600643C63 /* top_rectangle.png */ = {isa = PBXFileReference; lastKnownFileType = image.png; path = top_rectangle.png; sourceTree = "<group>"; };
		67E5D31B26D3308400643C63 /* forward.png */ = {isa = PBXFileReference; lastKnownFileType = image.png; path = forward.png; sourceTree = "<group>"; };
		67E5D31D26D3309000643C63 /* search_icon.png */ = {isa = PBXFileReference; lastKnownFileType = image.png; path = search_icon.png; sourceTree = "<group>"; };
		B5DA9E0615E953D314364289 /* Pods-Image_Search.debug.xcconfig */ = {isa = PBXFileReference; includeInIndex = 1; lastKnownFileType = text.xcconfig; name = "Pods-Image_Search.debug.xcconfig"; path = "Target Support Files/Pods-Image_Search/Pods-Image_Search.debug.xcconfig"; sourceTree = "<group>"; };
/* End PBXFileReference section */

/* Begin PBXFrameworksBuildPhase section */
		67D1AA7326B7A2A500832DA0 /* Frameworks */ = {
			isa = PBXFrameworksBuildPhase;
			buildActionMask = 2147483647;
			files = (
				83FC5A4023D0DF00016CB78E /* Pods_Image_Search.framework in Frameworks */,
			);
			runOnlyForDeploymentPostprocessing = 0;
		};
/* End PBXFrameworksBuildPhase section */

/* Begin PBXGroup section */
		1AF2447D1C2C71F5C39B8388 /* Pods */ = {
			isa = PBXGroup;
			children = (
				B5DA9E0615E953D314364289 /* Pods-Image_Search.debug.xcconfig */,
				13A82A766B949D8ACE6E0E11 /* Pods-Image_Search.release.xcconfig */,
			);
			path = Pods;
			sourceTree = "<group>";
		};
		670FE39826D3318100C55520 /* Recourse */ = {
			isa = PBXGroup;
			children = (
				670FE39926D3318100C55520 /* InfoPlist.strings */,
				670FE39B26D3318100C55520 /* Localizations.strings */,
				670FE3A126D3318100C55520 /* Assets.xcassets */,
			);
			path = Recourse;
			sourceTree = "<group>";
		};
		67895E4826B8CED700F30042 /* View */ = {
			isa = PBXGroup;
			children = (
				67E5D2F626D3296300643C63 /* ButtonView.swift */,
				67E5D30D26D32FC300643C63 /* AlertView.swift */,
				6754544C26E52806008D3DD0 /* TopButtonView.swift 00-27-26-375.swift */,
				67A91A5526C35A0D00268DC8 /* EditWindowView.swift */,
				67E5D30F26D32FD000643C63 /* CollectionViewCell.swift */,
				67E5D31126D32FD600643C63 /* KeywordCollectionViewCell.swift */,
				678846A626BA348600B15D20 /* SettingTableViewCell.swift */,
			);
			path = View;
			sourceTree = "<group>";
		};
		67895E4D26B9204600F30042 /* Extension */ = {
			isa = PBXGroup;
			children = (
				67895E4E26B9206F00F30042 /* UIViewController.swift */,
			);
			path = Extension;
			sourceTree = "<group>";
		};
		6798DDB926DCCAAD003D8099 /* Feature */ = {
			isa = PBXGroup;
			children = (
				67E5D2FF26D32F1100643C63 /* GetWidthHeight.swift */,
				6775D14826D7259D004E942F /* IsolatedInteraction.swift */,
			);
			path = Feature;
			sourceTree = "<group>";
		};
		67D1AA6D26B7A2A500832DA0 = {
			isa = PBXGroup;
			children = (
				67D1AA7826B7A2A500832DA0 /* Image_Search */,
				67D1AA7726B7A2A500832DA0 /* Products */,
				1AF2447D1C2C71F5C39B8388 /* Pods */,
				A7410B56A4305113F98603A3 /* Frameworks */,
			);
			sourceTree = "<group>";
		};
		67D1AA7726B7A2A500832DA0 /* Products */ = {
			isa = PBXGroup;
			children = (
				67D1AA7626B7A2A500832DA0 /* Image_Search.app */,
			);
			name = Products;
			sourceTree = "<group>";
		};
		67D1AA7826B7A2A500832DA0 /* Image_Search */ = {
			isa = PBXGroup;
			children = (
				6798DDB926DCCAAD003D8099 /* Feature */,
				6775D14A26D78505004E942F /* Image_Search.entitlements */,
				67E5D30226D32F6D00643C63 /* model */,
				67E5D2F826D32EED00643C63 /* Engine */,
				67895E4D26B9204600F30042 /* Extension */,
				67895E4826B8CED700F30042 /* View */,
				67D1AAB226B7FA5300832DA0 /* image */,
				67D1AA8E26B7A37A00832DA0 /* Controller */,
				67D1AA8D26B7A33A00832DA0 /* Globle */,
				670FE39826D3318100C55520 /* Recourse */,
				67D1AA8426B7A2A600832DA0 /* LaunchScreen.storyboard */,
				67D1AA8726B7A2A600832DA0 /* Info.plist */,
			);
			path = Image_Search;
			sourceTree = "<group>";
		};
		67D1AA8D26B7A33A00832DA0 /* Globle */ = {
			isa = PBXGroup;
			children = (
				67D1AA7926B7A2A500832DA0 /* AppDelegate.swift */,
				67E5D2F026D3288800643C63 /* Statistics.swift */,
				679E712326D4EC8D0013FEFB /* Marketing.swift */,
				675ECA5026F2F74100DE9C4A /* Constant.swift */,
				6798DDB726DBC2D4003D8099 /* Helper.swift */,
				679E712126D4EC850013FEFB /* AppTracking.swift */,
				67E5D2F326D328C700643C63 /* Image_Search-Bridging-Header.h */,
			);
			path = Globle;
			sourceTree = "<group>";
		};
		67D1AA8E26B7A37A00832DA0 /* Controller */ = {
			isa = PBXGroup;
			children = (
				67D1AA7D26B7A2A500832DA0 /* MainViewController.swift */,
				679022B426B983FA00C34B74 /* SettingViewController.swift */,
				67E5D30B26D32FAB00643C63 /* SearchRecordViewController.swift */,
				67A91A5726C3A7F200268DC8 /* UrlViewController.swift */,
				677BDF5A26BB7BAA00B5B387 /* WebViewController.swift */,
			);
			path = Controller;
			sourceTree = "<group>";
		};
		67D1AAB226B7FA5300832DA0 /* image */ = {
			isa = PBXGroup;
			children = (
				670FE39626D330F000C55520 /* background.png */,
				670FE39426D330D900C55520 /* search_icon.png */,
				67E5D31D26D3309000643C63 /* search_icon.png */,
				678846A826BA35D000B15D20 /* cell_arrow.png */,
				67E5D31B26D3308400643C63 /* forward.png */,
				67E5D31526D3304000643C63 /* triangle.png */,
				6754544826E5276A008D3DD0 /* cancel.png */,
				67E5D31326D3300F00643C63 /* network_error.png */,
				67E5D31726D3305600643C63 /* top_rectangle.png */,
				67895E5C26B93D9100F30042 /* rectangle.png */,
				67895E5A26B9302100F30042 /* record_search.png */,
				67895E5826B9301000F30042 /* camera_search.png */,
				670FE3A926D3F67500C55520 /* empty_image.png */,
				67895E5626B9300100F30042 /* url_search.png */,
				67895E5126B92FF400F30042 /* file_search.png */,
				670FE3A726D3866900C55520 /* keyword_background.jpg */,
				67895E5226B92FF400F30042 /* image_search.png */,
				67895E5026B92FF400F30042 /* keyword_search.png */,
			);
			path = image;
			sourceTree = "<group>";
		};
		67E5D2F826D32EED00643C63 /* Engine */ = {
			isa = PBXGroup;
			children = (
				67E5D2F926D32EED00643C63 /* SQLiteManager.swift */,
				67E5D2FA26D32EED00643C63 /* SQL.swift */,
				67E5D2FB26D32EED00643C63 /* NetworkRequest.swift */,
			);
			path = Engine;
			sourceTree = "<group>";
		};
		67E5D30226D32F6D00643C63 /* model */ = {
			isa = PBXGroup;
			children = (
				67E5D30526D32F6D00643C63 /* SearchRecord.swift */,
			);
			path = model;
			sourceTree = "<group>";
		};
		A7410B56A4305113F98603A3 /* Frameworks */ = {
			isa = PBXGroup;
			children = (
				2BBCE8916F28804F5921EB59 /* Pods_Image_Search.framework */,
			);
			name = Frameworks;
			sourceTree = "<group>";
		};
/* End PBXGroup section */

/* Begin PBXNativeTarget section */
		67D1AA7526B7A2A500832DA0 /* Image_Search */ = {
			isa = PBXNativeTarget;
			buildConfigurationList = 67D1AA8A26B7A2A600832DA0 /* Build configuration list for PBXNativeTarget "Image_Search" */;
			buildPhases = (
				DABA2B2B50357FA5E97D3822 /* [CP] Check Pods Manifest.lock */,
				67D1AA7226B7A2A500832DA0 /* Sources */,
				67D1AA7326B7A2A500832DA0 /* Frameworks */,
				67D1AA7426B7A2A500832DA0 /* Resources */,
				F1F962FCE45AD25496941A4F /* [CP] Embed Pods Frameworks */,
				95020D43CEBFB2884B183695 /* [CP] Copy Pods Resources */,
			);
			buildRules = (
			);
			dependencies = (
			);
			name = Image_Search;
			productName = Image_Search;
			productReference = 67D1AA7626B7A2A500832DA0 /* Image_Search.app */;
			productType = "com.apple.product-type.application";
		};
/* End PBXNativeTarget section */

/* Begin PBXProject section */
		67D1AA6E26B7A2A500832DA0 /* Project object */ = {
			isa = PBXProject;
			attributes = {
				LastSwiftUpdateCheck = 1250;
				LastUpgradeCheck = 1250;
				TargetAttributes = {
					67D1AA7526B7A2A500832DA0 = {
						CreatedOnToolsVersion = 12.5.1;
						LastSwiftMigration = 1250;
					};
				};
			};
			buildConfigurationList = 67D1AA7126B7A2A500832DA0 /* Build configuration list for PBXProject "Image_Search" */;
			compatibilityVersion = "Xcode 9.3";
			developmentRegion = en;
			hasScannedForEncodings = 0;
			knownRegions = (
				en,
				Base,
				"zh-Hans",
				"zh-Hant",
				ja,
			);
			mainGroup = 67D1AA6D26B7A2A500832DA0;
			productRefGroup = 67D1AA7726B7A2A500832DA0 /* Products */;
			projectDirPath = "";
			projectRoot = "";
			targets = (
				67D1AA7526B7A2A500832DA0 /* Image_Search */,
			);
		};
/* End PBXProject section */

/* Begin PBXResourcesBuildPhase section */
		67D1AA7426B7A2A500832DA0 /* Resources */ = {
			isa = PBXResourcesBuildPhase;
			buildActionMask = 2147483647;
			files = (
				67E5D31426D3300F00643C63 /* network_error.png in Resources */,
				670FE39726D330F000C55520 /* background.png in Resources */,
				67D1AA8626B7A2A600832DA0 /* LaunchScreen.storyboard in Resources */,
				670FE3A626D3318100C55520 /* Assets.xcassets in Resources */,
				670FE39526D330D900C55520 /* search_icon.png in Resources */,
				670FE3A526D3318100C55520 /* Localizations.strings in Resources */,
				67895E5926B9301000F30042 /* camera_search.png in Resources */,
				67895E5B26B9302100F30042 /* record_search.png in Resources */,
				670FE3AA26D3F67500C55520 /* empty_image.png in Resources */,
				67895E5326B92FF400F30042 /* keyword_search.png in Resources */,
				67E5D31626D3304000643C63 /* triangle.png in Resources */,
				670FE3A426D3318100C55520 /* InfoPlist.strings in Resources */,
				67895E5526B92FF400F30042 /* image_search.png in Resources */,
				67895E5D26B93D9100F30042 /* rectangle.png in Resources */,
				6754544926E5276A008D3DD0 /* cancel.png in Resources */,
				67E5D31826D3305600643C63 /* top_rectangle.png in Resources */,
				678846A926BA35D000B15D20 /* cell_arrow.png in Resources */,
				67E5D31C26D3308400643C63 /* forward.png in Resources */,
				67895E5426B92FF400F30042 /* file_search.png in Resources */,
				670FE3A826D3866900C55520 /* keyword_background.jpg in Resources */,
				67895E5726B9300100F30042 /* url_search.png in Resources */,
			);
			runOnlyForDeploymentPostprocessing = 0;
		};
/* End PBXResourcesBuildPhase section */

/* Begin PBXShellScriptBuildPhase section */
		95020D43CEBFB2884B183695 /* [CP] Copy Pods Resources */ = {
			isa = PBXShellScriptBuildPhase;
			buildActionMask = 2147483647;
			files = (
			);
			inputFileListPaths = (
				"${PODS_ROOT}/Target Support Files/Pods-Image_Search/Pods-Image_Search-resources-${CONFIGURATION}-input-files.xcfilelist",
			);
			name = "[CP] Copy Pods Resources";
			outputFileListPaths = (
				"${PODS_ROOT}/Target Support Files/Pods-Image_Search/Pods-Image_Search-resources-${CONFIGURATION}-output-files.xcfilelist",
			);
			runOnlyForDeploymentPostprocessing = 0;
			shellPath = /bin/sh;
			shellScript = "\"${PODS_ROOT}/Target Support Files/Pods-Image_Search/Pods-Image_Search-resources.sh\"\n";
			showEnvVarsInLog = 0;
		};
		DABA2B2B50357FA5E97D3822 /* [CP] Check Pods Manifest.lock */ = {
			isa = PBXShellScriptBuildPhase;
			buildActionMask = 2147483647;
			files = (
			);
			inputFileListPaths = (
			);
			inputPaths = (
				"${PODS_PODFILE_DIR_PATH}/Podfile.lock",
				"${PODS_ROOT}/Manifest.lock",
			);
			name = "[CP] Check Pods Manifest.lock";
			outputFileListPaths = (
			);
			outputPaths = (
				"$(DERIVED_FILE_DIR)/Pods-Image_Search-checkManifestLockResult.txt",
			);
			runOnlyForDeploymentPostprocessing = 0;
			shellPath = /bin/sh;
			shellScript = "diff \"${PODS_PODFILE_DIR_PATH}/Podfile.lock\" \"${PODS_ROOT}/Manifest.lock\" > /dev/null\nif [ $? != 0 ] ; then\n    # print error to STDERR\n    echo \"error: The sandbox is not in sync with the Podfile.lock. Run 'pod install' or update your CocoaPods installation.\" >&2\n    exit 1\nfi\n# This output is used by Xcode 'outputs' to avoid re-running this script phase.\necho \"SUCCESS\" > \"${SCRIPT_OUTPUT_FILE_0}\"\n";
			showEnvVarsInLog = 0;
		};
		F1F962FCE45AD25496941A4F /* [CP] Embed Pods Frameworks */ = {
			isa = PBXShellScriptBuildPhase;
			buildActionMask = 2147483647;
			files = (
			);
			inputFileListPaths = (
				"${PODS_ROOT}/Target Support Files/Pods-Image_Search/Pods-Image_Search-frameworks-${CONFIGURATION}-input-files.xcfilelist",
			);
			name = "[CP] Embed Pods Frameworks";
			outputFileListPaths = (
				"${PODS_ROOT}/Target Support Files/Pods-Image_Search/Pods-Image_Search-frameworks-${CONFIGURATION}-output-files.xcfilelist",
			);
			runOnlyForDeploymentPostprocessing = 0;
			shellPath = /bin/sh;
			shellScript = "\"${PODS_ROOT}/Target Support Files/Pods-Image_Search/Pods-Image_Search-frameworks.sh\"\n";
			showEnvVarsInLog = 0;
		};
/* End PBXShellScriptBuildPhase section */

/* Begin PBXSourcesBuildPhase section */
		67D1AA7226B7A2A500832DA0 /* Sources */ = {
			isa = PBXSourcesBuildPhase;
			buildActionMask = 2147483647;
			files = (
				67E5D2F126D3288800643C63 /* Statistics.swift in Sources */,
				6775D14926D7259D004E942F /* IsolatedInteraction.swift in Sources */,
				67D1AA7E26B7A2A500832DA0 /* MainViewController.swift in Sources */,
				67E5D30E26D32FC300643C63 /* AlertView.swift in Sources */,
				6754544D26E52806008D3DD0 /* TopButtonView.swift 00-27-26-375.swift in Sources */,
				67E5D30C26D32FAB00643C63 /* SearchRecordViewController.swift in Sources */,
				67E5D2F726D3296300643C63 /* ButtonView.swift in Sources */,
				67A91A5626C35A0E00268DC8 /* EditWindowView.swift in Sources */,
				67E5D2FD26D32EED00643C63 /* SQL.swift in Sources */,
				67A91A5826C3A7F200268DC8 /* UrlViewController.swift in Sources */,
				67E5D31026D32FD000643C63 /* CollectionViewCell.swift in Sources */,
				679E712226D4EC850013FEFB /* AppTracking.swift in Sources */,
				679E712426D4EC8D0013FEFB /* Marketing.swift in Sources */,
				67895E4F26B9206F00F30042 /* UIViewController.swift in Sources */,
				67E5D30926D32F6D00643C63 /* SearchRecord.swift in Sources */,
				67D1AA7A26B7A2A500832DA0 /* AppDelegate.swift in Sources */,
				678846A726BA348600B15D20 /* SettingTableViewCell.swift in Sources */,
				675ECA5126F2F74100DE9C4A /* Constant.swift in Sources */,
				679022B526B983FA00C34B74 /* SettingViewController.swift in Sources */,
				67E5D2FC26D32EED00643C63 /* SQLiteManager.swift in Sources */,
				67E5D30026D32F1100643C63 /* GetWidthHeight.swift in Sources */,
				677BDF5B26BB7BAA00B5B387 /* WebViewController.swift in Sources */,
				6798DDB826DBC2D4003D8099 /* Helper.swift in Sources */,
				67E5D2FE26D32EED00643C63 /* NetworkRequest.swift in Sources */,
				67E5D31226D32FD600643C63 /* KeywordCollectionViewCell.swift in Sources */,
			);
			runOnlyForDeploymentPostprocessing = 0;
		};
/* End PBXSourcesBuildPhase section */

/* Begin PBXVariantGroup section */
		670FE39926D3318100C55520 /* InfoPlist.strings */ = {
			isa = PBXVariantGroup;
			children = (
				670FE39A26D3318100C55520 /* zh-Hans */,
				670FE39F26D3318100C55520 /* en */,
				670FE3A226D3318100C55520 /* zh-Hant */,
			);
			name = InfoPlist.strings;
			sourceTree = "<group>";
		};
		670FE39B26D3318100C55520 /* Localizations.strings */ = {
			isa = PBXVariantGroup;
			children = (
				670FE39C26D3318100C55520 /* zh-Hans */,
				670FE3A026D3318100C55520 /* en */,
				670FE3A326D3318100C55520 /* zh-Hant */,
			);
			name = Localizations.strings;
			sourceTree = "<group>";
		};
		67D1AA8426B7A2A600832DA0 /* LaunchScreen.storyboard */ = {
			isa = PBXVariantGroup;
			children = (
				67D1AA8526B7A2A600832DA0 /* Base */,
				679AE62C26E4640F00E12E1D /* ja */,
			);
			name = LaunchScreen.storyboard;
			sourceTree = "<group>";
		};
/* End PBXVariantGroup section */

/* Begin XCBuildConfiguration section */
		67D1AA8826B7A2A600832DA0 /* Debug */ = {
			isa = XCBuildConfiguration;
			buildSettings = {
				ALWAYS_SEARCH_USER_PATHS = NO;
				CLANG_ANALYZER_LOCALIZABILITY_NONLOCALIZED = YES;
				CLANG_ANALYZER_NONNULL = YES;
				CLANG_ANALYZER_NUMBER_OBJECT_CONVERSION = YES_AGGRESSIVE;
				CLANG_CXX_LANGUAGE_STANDARD = "gnu++14";
				CLANG_CXX_LIBRARY = "libc++";
				CLANG_ENABLE_MODULES = YES;
				CLANG_ENABLE_OBJC_ARC = YES;
				CLANG_ENABLE_OBJC_WEAK = YES;
				CLANG_WARN_BLOCK_CAPTURE_AUTORELEASING = YES;
				CLANG_WARN_BOOL_CONVERSION = YES;
				CLANG_WARN_COMMA = YES;
				CLANG_WARN_CONSTANT_CONVERSION = YES;
				CLANG_WARN_DEPRECATED_OBJC_IMPLEMENTATIONS = YES;
				CLANG_WARN_DIRECT_OBJC_ISA_USAGE = YES_ERROR;
				CLANG_WARN_DOCUMENTATION_COMMENTS = YES;
				CLANG_WARN_EMPTY_BODY = YES;
				CLANG_WARN_ENUM_CONVERSION = YES;
				CLANG_WARN_INFINITE_RECURSION = YES;
				CLANG_WARN_INT_CONVERSION = YES;
				CLANG_WARN_NON_LITERAL_NULL_CONVERSION = YES;
				CLANG_WARN_OBJC_IMPLICIT_RETAIN_SELF = YES;
				CLANG_WARN_OBJC_LITERAL_CONVERSION = YES;
				CLANG_WARN_OBJC_ROOT_CLASS = YES_ERROR;
				CLANG_WARN_QUOTED_INCLUDE_IN_FRAMEWORK_HEADER = YES;
				CLANG_WARN_RANGE_LOOP_ANALYSIS = YES;
				CLANG_WARN_STRICT_PROTOTYPES = YES;
				CLANG_WARN_SUSPICIOUS_MOVE = YES;
				CLANG_WARN_UNGUARDED_AVAILABILITY = YES_AGGRESSIVE;
				CLANG_WARN_UNREACHABLE_CODE = YES;
				CLANG_WARN__DUPLICATE_METHOD_MATCH = YES;
				COPY_PHASE_STRIP = NO;
				DEBUG_INFORMATION_FORMAT = dwarf;
				ENABLE_STRICT_OBJC_MSGSEND = YES;
				ENABLE_TESTABILITY = YES;
				GCC_C_LANGUAGE_STANDARD = gnu11;
				GCC_DYNAMIC_NO_PIC = NO;
				GCC_NO_COMMON_BLOCKS = YES;
				GCC_OPTIMIZATION_LEVEL = 0;
				GCC_PREPROCESSOR_DEFINITIONS = (
					"DEBUG=1",
					"$(inherited)",
				);
				GCC_WARN_64_TO_32_BIT_CONVERSION = YES;
				GCC_WARN_ABOUT_RETURN_TYPE = YES_ERROR;
				GCC_WARN_UNDECLARED_SELECTOR = YES;
				GCC_WARN_UNINITIALIZED_AUTOS = YES_AGGRESSIVE;
				GCC_WARN_UNUSED_FUNCTION = YES;
				GCC_WARN_UNUSED_VARIABLE = YES;
				IPHONEOS_DEPLOYMENT_TARGET = 11.0;
				MTL_ENABLE_DEBUG_INFO = INCLUDE_SOURCE;
				MTL_FAST_MATH = YES;
				ONLY_ACTIVE_ARCH = YES;
				SDKROOT = iphoneos;
				SWIFT_ACTIVE_COMPILATION_CONDITIONS = DEBUG;
				SWIFT_OPTIMIZATION_LEVEL = "-Onone";
			};
			name = Debug;
		};
		67D1AA8926B7A2A600832DA0 /* Release */ = {
			isa = XCBuildConfiguration;
			buildSettings = {
				ALWAYS_SEARCH_USER_PATHS = NO;
				CLANG_ANALYZER_LOCALIZABILITY_NONLOCALIZED = YES;
				CLANG_ANALYZER_NONNULL = YES;
				CLANG_ANALYZER_NUMBER_OBJECT_CONVERSION = YES_AGGRESSIVE;
				CLANG_CXX_LANGUAGE_STANDARD = "gnu++14";
				CLANG_CXX_LIBRARY = "libc++";
				CLANG_ENABLE_MODULES = YES;
				CLANG_ENABLE_OBJC_ARC = YES;
				CLANG_ENABLE_OBJC_WEAK = YES;
				CLANG_WARN_BLOCK_CAPTURE_AUTORELEASING = YES;
				CLANG_WARN_BOOL_CONVERSION = YES;
				CLANG_WARN_COMMA = YES;
				CLANG_WARN_CONSTANT_CONVERSION = YES;
				CLANG_WARN_DEPRECATED_OBJC_IMPLEMENTATIONS = YES;
				CLANG_WARN_DIRECT_OBJC_ISA_USAGE = YES_ERROR;
				CLANG_WARN_DOCUMENTATION_COMMENTS = YES;
				CLANG_WARN_EMPTY_BODY = YES;
				CLANG_WARN_ENUM_CONVERSION = YES;
				CLANG_WARN_INFINITE_RECURSION = YES;
				CLANG_WARN_INT_CONVERSION = YES;
				CLANG_WARN_NON_LITERAL_NULL_CONVERSION = YES;
				CLANG_WARN_OBJC_IMPLICIT_RETAIN_SELF = YES;
				CLANG_WARN_OBJC_LITERAL_CONVERSION = YES;
				CLANG_WARN_OBJC_ROOT_CLASS = YES_ERROR;
				CLANG_WARN_QUOTED_INCLUDE_IN_FRAMEWORK_HEADER = YES;
				CLANG_WARN_RANGE_LOOP_ANALYSIS = YES;
				CLANG_WARN_STRICT_PROTOTYPES = YES;
				CLANG_WARN_SUSPICIOUS_MOVE = YES;
				CLANG_WARN_UNGUARDED_AVAILABILITY = YES_AGGRESSIVE;
				CLANG_WARN_UNREACHABLE_CODE = YES;
				CLANG_WARN__DUPLICATE_METHOD_MATCH = YES;
				COPY_PHASE_STRIP = NO;
				DEBUG_INFORMATION_FORMAT = "dwarf-with-dsym";
				ENABLE_NS_ASSERTIONS = NO;
				ENABLE_STRICT_OBJC_MSGSEND = YES;
				GCC_C_LANGUAGE_STANDARD = gnu11;
				GCC_NO_COMMON_BLOCKS = YES;
				GCC_WARN_64_TO_32_BIT_CONVERSION = YES;
				GCC_WARN_ABOUT_RETURN_TYPE = YES_ERROR;
				GCC_WARN_UNDECLARED_SELECTOR = YES;
				GCC_WARN_UNINITIALIZED_AUTOS = YES_AGGRESSIVE;
				GCC_WARN_UNUSED_FUNCTION = YES;
				GCC_WARN_UNUSED_VARIABLE = YES;
				IPHONEOS_DEPLOYMENT_TARGET = 11.0;
				MTL_ENABLE_DEBUG_INFO = NO;
				MTL_FAST_MATH = YES;
				ONLY_ACTIVE_ARCH = NO;
				SDKROOT = iphoneos;
				SWIFT_COMPILATION_MODE = wholemodule;
				SWIFT_OPTIMIZATION_LEVEL = "-O";
				VALIDATE_PRODUCT = YES;
			};
			name = Release;
		};
		67D1AA8B26B7A2A600832DA0 /* Debug */ = {
			isa = XCBuildConfiguration;
			baseConfigurationReference = B5DA9E0615E953D314364289 /* Pods-Image_Search.debug.xcconfig */;
			buildSettings = {
				ASSETCATALOG_COMPILER_GLOBAL_ACCENT_COLOR_NAME = AccentColor;
				CLANG_ENABLE_MODULES = YES;
				CODE_SIGN_ENTITLEMENTS = Image_Search/Image_Search.entitlements;
				CODE_SIGN_STYLE = Automatic;
				DEVELOPMENT_TEAM = BYLX9G7HJ9;
				ENABLE_BITCODE = NO;
				INFOPLIST_FILE = Image_Search/Info.plist;
				IPHONEOS_DEPLOYMENT_TARGET = 11.0;
				LD_RUNPATH_SEARCH_PATHS = (
					"$(inherited)",
					"@executable_path/Frameworks",
				);
				PRODUCT_BUNDLE_IDENTIFIER = "com.softin.Image-Search";
				PRODUCT_NAME = "$(TARGET_NAME)";
				SWIFT_OBJC_BRIDGING_HEADER = "Image_Search/Globle/Image_Search-Bridging-Header.h";
				SWIFT_OPTIMIZATION_LEVEL = "-Onone";
				SWIFT_VERSION = 5.0;
				TARGETED_DEVICE_FAMILY = "1,2";
			};
			name = Debug;
		};
		67D1AA8C26B7A2A600832DA0 /* Release */ = {
			isa = XCBuildConfiguration;
			baseConfigurationReference = 13A82A766B949D8ACE6E0E11 /* Pods-Image_Search.release.xcconfig */;
			buildSettings = {
				ASSETCATALOG_COMPILER_GLOBAL_ACCENT_COLOR_NAME = AccentColor;
				CLANG_ENABLE_MODULES = YES;
				CODE_SIGN_ENTITLEMENTS = Image_Search/Image_Search.entitlements;
				CODE_SIGN_STYLE = Automatic;
				DEVELOPMENT_TEAM = BYLX9G7HJ9;
				ENABLE_BITCODE = NO;
				INFOPLIST_FILE = Image_Search/Info.plist;
				IPHONEOS_DEPLOYMENT_TARGET = 11.0;
				LD_RUNPATH_SEARCH_PATHS = (
					"$(inherited)",
					"@executable_path/Frameworks",
				);
				PRODUCT_BUNDLE_IDENTIFIER = "com.softin.Image-Search";
				PRODUCT_NAME = "$(TARGET_NAME)";
				SWIFT_OBJC_BRIDGING_HEADER = "Image_Search/Globle/Image_Search-Bridging-Header.h";
				SWIFT_VERSION = 5.0;
				TARGETED_DEVICE_FAMILY = "1,2";
			};
			name = Release;
		};
/* End XCBuildConfiguration section */

/* Begin XCConfigurationList section */
		67D1AA7126B7A2A500832DA0 /* Build configuration list for PBXProject "Image_Search" */ = {
			isa = XCConfigurationList;
			buildConfigurations = (
				67D1AA8826B7A2A600832DA0 /* Debug */,
				67D1AA8926B7A2A600832DA0 /* Release */,
			);
			defaultConfigurationIsVisible = 0;
			defaultConfigurationName = Release;
		};
		67D1AA8A26B7A2A600832DA0 /* Build configuration list for PBXNativeTarget "Image_Search" */ = {
			isa = XCConfigurationList;
			buildConfigurations = (
				67D1AA8B26B7A2A600832DA0 /* Debug */,
				67D1AA8C26B7A2A600832DA0 /* Release */,
			);
			defaultConfigurationIsVisible = 0;
			defaultConfigurationName = Release;
		};
/* End XCConfigurationList section */
	};
	rootObject = 67D1AA6E26B7A2A500832DA0 /* Project object */;
}
